# This file is generated by running "yarn install" inside your project.
# Manual changes might be lost - proceed with caution!

__metadata:
  version: 8
  cacheKey: 10c0

"@zitterorg/fluffy-waddle@npm:^2.1.2":
  version: 2.1.2
  resolution: "@zitterorg/fluffy-waddle@npm:2.1.2"
  checksum: 10c0/e3933e318ed20ea3cba3dcbd9ed412f0dec2cb9b982bda3d4de2fecde6251dde738e7070fef679d67ea756d34a4703e5f7fd8d29bc9b538a1d066127241d1a3d
  languageName: node
  linkType: hard

"@zitterorg/probable-octo@workspace:.":
  version: 0.0.0-use.local
  resolution: "@zitterorg/probable-octo@workspace:."
  dependencies:
    "@zitterorg/fluffy-waddle": "npm:^2.1.2"
  languageName: unknown
  linkType: soft
